// !$*UTF8*$!
{
	archiveVersion = 1;
	classes = {
	};
	objectVersion = 46;
	objects = {

/* Begin PBXBuildFile section */
		21B3F01DDAA456A2B91EACA8 /* Pods_podExProject.framework in Frameworks */ = {isa = PBXBuildFile; fileRef = E60B1DBE65DBE58C47754F30 /* Pods_podExProject.framework */; };
		50CE21821EAF84F300601DE8 /* main.m in Sources */ = {isa = PBXBuildFile; fileRef = 50CE21811EAF84F300601DE8 /* main.m */; };
		50CE21851EAF84F300601DE8 /* AppDelegate.m in Sources */ = {isa = PBXBuildFile; fileRef = 50CE21841EAF84F300601DE8 /* AppDelegate.m */; };
		50CE21881EAF84F300601DE8 /* ViewController.m in Sources */ = {isa = PBXBuildFile; fileRef = 50CE21871EAF84F300601DE8 /* ViewController.m */; };
		50CE218B1EAF84F300601DE8 /* Main.storyboard in Resources */ = {isa = PBXBuildFile; fileRef = 50CE21891EAF84F300601DE8 /* Main.storyboard */; };
		50CE218D1EAF84F300601DE8 /* Assets.xcassets in Resources */ = {isa = PBXBuildFile; fileRef = 50CE218C1EAF84F300601DE8 /* Assets.xcassets */; };
		50CE21901EAF84F300601DE8 /* LaunchScreen.storyboard in Resources */ = {isa = PBXBuildFile; fileRef = 50CE218E1EAF84F300601DE8 /* LaunchScreen.storyboard */; };
/* End PBXBuildFile section */

/* Begin PBXFileReference section */
		50CE217D1EAF84F300601DE8 /* podExProject.app */ = {isa = PBXFileReference; explicitFileType = wrapper.application; includeInIndex = 0; path = podExProject.app; sourceTree = BUILT_PRODUCTS_DIR; };
		50CE21811EAF84F300601DE8 /* main.m */ = {isa = PBXFileReference; lastKnownFileType = sourcecode.c.objc; path = main.m; sourceTree = "<group>"; };
		50CE21831EAF84F300601DE8 /* AppDelegate.h */ = {isa = PBXFileReference; lastKnownFileType = sourcecode.c.h; path = AppDelegate.h; sourceTree = "<group>"; };
		50CE21841EAF84F300601DE8 /* AppDelegate.m */ = {isa = PBXFileReference; lastKnownFileType = sourcecode.c.objc; path = AppDelegate.m; sourceTree = "<group>"; };
		50CE21861EAF84F300601DE8 /* ViewController.h */ = {isa = PBXFileReference; lastKnownFileType = sourcecode.c.h; path = ViewController.h; sourceTree = "<group>"; };
		50CE21871EAF84F300601DE8 /* ViewController.m */ = {isa = PBXFileReference; lastKnownFileType = sourcecode.c.objc; path = ViewController.m; sourceTree = "<group>"; };
		50CE218A1EAF84F300601DE8 /* Base */ = {isa = PBXFileReference; lastKnownFileType = file.storyboard; name = Base; path = Base.lproj/Main.storyboard; sourceTree = "<group>"; };
		50CE218C1EAF84F300601DE8 /* Assets.xcassets */ = {isa = PBXFileReference; lastKnownFileType = folder.assetcatalog; path = Assets.xcassets; sourceTree = "<group>"; };
		50CE218F1EAF84F300601DE8 /* Base */ = {isa = PBXFileReference; lastKnownFileType = file.storyboard; name = Base; path = Base.lproj/LaunchScreen.storyboard; sourceTree = "<group>"; };
		50CE21911EAF84F300601DE8 /* Info.plist */ = {isa = PBXFileReference; lastKnownFileType = text.plist.xml; path = Info.plist; sourceTree = "<group>"; };
		667C01F61C15CC7E1B5ECDEA /* Pods-podExProject.release.xcconfig */ = {isa = PBXFileReference; includeInIndex = 1; lastKnownFileType = text.xcconfig; name = "Pods-podExProject.release.xcconfig"; path = "Pods/Target Support Files/Pods-podExProject/Pods-podExProject.release.xcconfig"; sourceTree = "<group>"; };
		BB026A4C3494D10B9B0F8805 /* Pods-podExProject.debug.xcconfig */ = {isa = PBXFileReference; includeInIndex = 1; lastKnownFileType = text.xcconfig; name = "Pods-podExProject.debug.xcconfig"; path = "Pods/Target Support Files/Pods-podExProject/Pods-podExProject.debug.xcconfig"; sourceTree = "<group>"; };
		E60B1DBE65DBE58C47754F30 /* Pods_podExProject.framework */ = {isa = PBXFileReference; explicitFileType = wrapper.framework; includeInIndex = 0; path = Pods_podExProject.framework; sourceTree = BUILT_PRODUCTS_DIR; };
/* End PBXFileReference section */

/* Begin PBXFrameworksBuildPhase section */
		50CE217A1EAF84F300601DE8 /* Frameworks */ = {
			isa = PBXFrameworksBuildPhase;
			buildActionMask = 2147483647;
			files = (
				21B3F01DDAA456A2B91EACA8 /* Pods_podExProject.framework in Frameworks */,
			);
			runOnlyForDeploymentPostprocessing = 0;
		};
/* End PBXFrameworksBuildPhase section */

/* Begin PBXGroup section */
		26FB98568410D34572F9D79E /* Pods */ = {
			isa = PBXGroup;
			children = (
				BB026A4C3494D10B9B0F8805 /* Pods-podExProject.debug.xcconfig */,
				667C01F61C15CC7E1B5ECDEA /* Pods-podExProject.release.xcconfig */,
			);
			name = Pods;
			sourceTree = "<group>";
		};
		50CE21741EAF84F300601DE8 = {
			isa = PBXGroup;
			children = (
				50CE217F1EAF84F300601DE8 /* podExProject */,
				50CE217E1EAF84F300601DE8 /* Products */,
				26FB98568410D34572F9D79E /* Pods */,
				8C934BEB3C545E18E28BAD98 /* Frameworks */,
			);
			sourceTree = "<group>";
		};
		50CE217E1EAF84F300601DE8 /* Products */ = {
			isa = PBXGroup;
			children = (
				50CE217D1EAF84F300601DE8 /* podExProject.app */,
			);
			name = Products;
			sourceTree = "<group>";
		};
		50CE217F1EAF84F300601DE8 /* podExProject */ = {
			isa = PBXGroup;
			children = (
				50CE21831EAF84F300601DE8 /* AppDelegate.h */,
				50CE21841EAF84F300601DE8 /* AppDelegate.m */,
				50CE21861EAF84F300601DE8 /* ViewController.h */,
				50CE21871EAF84F300601DE8 /* ViewController.m */,
				50CE21891EAF84F300601DE8 /* Main.storyboard */,
				50CE218C1EAF84F300601DE8 /* Assets.xcassets */,
				50CE218E1EAF84F300601DE8 /* LaunchScreen.storyboard */,
				50CE21911EAF84F300601DE8 /* Info.plist */,
				50CE21801EAF84F300601DE8 /* Supporting Files */,
			);
			path = podExProject;
			sourceTree = "<group>";
		};
		50CE21801EAF84F300601DE8 /* Supporting Files */ = {
			isa = PBXGroup;
			children = (
				50CE21811EAF84F300601DE8 /* main.m */,
			);
			name = "Supporting Files";
			sourceTree = "<group>";
		};
		8C934BEB3C545E18E28BAD98 /* Frameworks */ = {
			isa = PBXGroup;
			children = (
				E60B1DBE65DBE58C47754F30 /* Pods_podExProject.framework */,
			);
			name = Frameworks;
			sourceTree = "<group>";
		};
/* End PBXGroup section */

/* Begin PBXNativeTarget section */
		50CE217C1EAF84F300601DE8 /* podExProject */ = {
			isa = PBXNativeTarget;
			buildConfigurationList = 50CE21941EAF84F300601DE8 /* Build configuration list for PBXNativeTarget "podExProject" */;
			buildPhases = (
				87675175B994CCB74EDDAEAA /* [CP] Check Pods Manifest.lock */,
				50CE21791EAF84F300601DE8 /* Sources */,
				50CE217A1EAF84F300601DE8 /* Frameworks */,
				50CE217B1EAF84F300601DE8 /* Resources */,
				B4C392726BF603EE76920E4D /* [CP] Embed Pods Frameworks */,
				4C48FB73CCB1DC71B5C47ADA /* [CP] Copy Pods Resources */,
			);
			buildRules = (
			);
			dependencies = (
			);
			name = podExProject;
			productName = podExProject;
			productReference = 50CE217D1EAF84F300601DE8 /* podExProject.app */;
			productType = "com.apple.product-type.application";
		};
/* End PBXNativeTarget section */

/* Begin PBXProject section */
		50CE21751EAF84F300601DE8 /* Project object */ = {
			isa = PBXProject;
			attributes = {
				LastUpgradeCheck = 0820;
				ORGANIZATIONNAME = swordstream;
				TargetAttributes = {
					50CE217C1EAF84F300601DE8 = {
						CreatedOnToolsVersion = 8.2.1;
						DevelopmentTeam = 96H3SPJ53F;
						ProvisioningStyle = Automatic;
					};
				};
			};
			buildConfigurationList = 50CE21781EAF84F300601DE8 /* Build configuration list for PBXProject "podExProject" */;
			compatibilityVersion = "Xcode 3.2";
			developmentRegion = English;
			hasScannedForEncodings = 0;
			knownRegions = (
				en,
				Base,
			);
			mainGroup = 50CE21741EAF84F300601DE8;
			productRefGroup = 50CE217E1EAF84F300601DE8 /* Products */;
			projectDirPath = "";
			projectRoot = "";
			targets = (
				50CE217C1EAF84F300601DE8 /* podExProject */,
			);
		};
/* End PBXProject section */

/* Begin PBXResourcesBuildPhase section */
		50CE217B1EAF84F300601DE8 /* Resources */ = {
			isa = PBXResourcesBuildPhase;
			buildActionMask = 2147483647;
			files = (
				50CE21901EAF84F300601DE8 /* LaunchScreen.storyboard in Resources */,
				50CE218D1EAF84F300601DE8 /* Assets.xcassets in Resources */,
				50CE218B1EAF84F300601DE8 /* Main.storyboard in Resources */,
			);
			runOnlyForDeploymentPostprocessing = 0;
		};
/* End PBXResourcesBuildPhase section */

/* Begin PBXShellScriptBuildPhase section */
		4C48FB73CCB1DC71B5C47ADA /* [CP] Copy Pods Resources */ = {
			isa = PBXShellScriptBuildPhase;
			buildActionMask = 2147483647;
			files = (
			);
			inputPaths = (
			);
			name = "[CP] Copy Pods Resources";
			outputPaths = (
			);
			runOnlyForDeploymentPostprocessing = 0;
			shellPath = /bin/sh;
			shellScript = "\"${SRCROOT}/Pods/Target Support Files/Pods-podExProject/Pods-podExProject-resources.sh\"\n";
			showEnvVarsInLog = 0;
		};
		87675175B994CCB74EDDAEAA /* [CP] Check Pods Manifest.lock */ = {
			isa = PBXShellScriptBuildPhase;
			buildActionMask = 2147483647;
			files = (
			);
			inputPaths = (
			);
			name = "[CP] Check Pods Manifest.lock";
			outputPaths = (
			);
			runOnlyForDeploymentPostprocessing = 0;
			shellPath = /bin/sh;
			shellScript = "diff \"${PODS_PODFILE_DIR_PATH}/Podfile.lock\" \"${PODS_ROOT}/Manifest.lock\" > /dev/null\nif [ $? != 0 ] ; then\n    # print error to STDERR\n    echo \"error: The sandbox is not in sync with the Podfile.lock. Run 'pod install' or update your CocoaPods installation.\" >&2\n    exit 1\nfi\n";
			showEnvVarsInLog = 0;
		};
		B4C392726BF603EE76920E4D /* [CP] Embed Pods Frameworks */ = {
			isa = PBXShellScriptBuildPhase;
			buildActionMask = 2147483647;
			files = (
			);
			inputPaths = (
			);
			name = "[CP] Embed Pods Frameworks";
			outputPaths = (
			);
			runOnlyForDeploymentPostprocessing = 0;
			shellPath = /bin/sh;
			shellScript = "\"${SRCROOT}/Pods/Target Support Files/Pods-podExProject/Pods-podExProject-frameworks.sh\"\n";
			showEnvVarsInLog = 0;
		};
/* End PBXShellScriptBuildPhase section */

/* Begin PBXSourcesBuildPhase section */
		50CE21791EAF84F300601DE8 /* Sources */ = {
			isa = PBXSourcesBuildPhase;
			buildActionMask = 2147483647;
			files = (
				50CE21881EAF84F300601DE8 /* ViewController.m in Sources */,
				50CE21851EAF84F300601DE8 /* AppDelegate.m in Sources */,
				50CE21821EAF84F300601DE8 /* main.m in Sources */,
			);
			runOnlyForDeploymentPostprocessing = 0;
		};
/* End PBXSourcesBuildPhase section */

/* Begin PBXVariantGroup section */
		50CE21891EAF84F300601DE8 /* Main.storyboard */ = {
			isa = PBXVariantGroup;
			children = (
				50CE218A1EAF84F300601DE8 /* Base */,
			);
			name = Main.storyboard;
			sourceTree = "<group>";
		};
		50CE218E1EAF84F300601DE8 /* LaunchScreen.storyboard */ = {
			isa = PBXVariantGroup;
			children = (
				50CE218F1EAF84F300601DE8 /* Base */,
			);
			name = LaunchScreen.storyboard;
			sourceTree = "<group>";
		};
/* End PBXVariantGroup section */

/* Begin XCBuildConfiguration section */
		50CE21921EAF84F300601DE8 /* Debug */ = {
			isa = XCBuildConfiguration;
			buildSettings = {
				ALWAYS_SEARCH_USER_PATHS = NO;
				CLANG_ANALYZER_NONNULL = YES;
				CLANG_CXX_LANGUAGE_STANDARD = "gnu++0x";
				CLANG_CXX_LIBRARY = "libc++";
				CLANG_ENABLE_MODULES = YES;
				CLANG_ENABLE_OBJC_ARC = YES;
				CLANG_WARN_BOOL_CONVERSION = YES;
				CLANG_WARN_CONSTANT_CONVERSION = YES;
				CLANG_WARN_DIRECT_OBJC_ISA_USAGE = YES_ERROR;
				CLANG_WARN_DOCUMENTATION_COMMENTS = YES;
				CLANG_WARN_EMPTY_BODY = YES;
				CLANG_WARN_ENUM_CONVERSION = YES;
				CLANG_WARN_INFINITE_RECURSION = YES;
				CLANG_WARN_INT_CONVERSION = YES;
				CLANG_WARN_OBJC_ROOT_CLASS = YES_ERROR;
				CLANG_WARN_SUSPICIOUS_MOVE = YES;
				CLANG_WARN_UNREACHABLE_CODE = YES;
				CLANG_WARN__DUPLICATE_METHOD_MATCH = YES;
				"CODE_SIGN_IDENTITY[sdk=iphoneos*]" = "iPhone Developer";
				COPY_PHASE_STRIP = NO;
				DEBUG_INFORMATION_FORMAT = dwarf;
				ENABLE_STRICT_OBJC_MSGSEND = YES;
				ENABLE_TESTABILITY = YES;
				GCC_C_LANGUAGE_STANDARD = gnu99;
				GCC_DYNAMIC_NO_PIC = NO;
				GCC_NO_COMMON_BLOCKS = YES;
				GCC_OPTIMIZATION_LEVEL = 0;
				GCC_PREPROCESSOR_DEFINITIONS = (
					"DEBUG=1",
					"$(inherited)",
				);
				GCC_WARN_64_TO_32_BIT_CONVERSION = YES;
				GCC_WARN_ABOUT_RETURN_TYPE = YES_ERROR;
				GCC_WARN_UNDECLARED_SELECTOR = YES;
				GCC_WARN_UNINITIALIZED_AUTOS = YES_AGGRESSIVE;
				GCC_WARN_UNUSED_FUNCTION = YES;
				GCC_WARN_UNUSED_VARIABLE = YES;
				IPHONEOS_DEPLOYMENT_TARGET = 10.2;
				MTL_ENABLE_DEBUG_INFO = YES;
				ONLY_ACTIVE_ARCH = YES;
				SDKROOT = iphoneos;
				TARGETED_DEVICE_FAMILY = "1,2";
			};
			name = Debug;
		};
		50CE21931EAF84F300601DE8 /* Release */ = {
			isa = XCBuildConfiguration;
			buildSettings = {
				ALWAYS_SEARCH_USER_PATHS = NO;
				CLANG_ANALYZER_NONNULL = YES;
				CLANG_CXX_LANGUAGE_STANDARD = "gnu++0x";
				CLANG_CXX_LIBRARY = "libc++";
				CLANG_ENABLE_MODULES = YES;
				CLANG_ENABLE_OBJC_ARC = YES;
				CLANG_WARN_BOOL_CONVERSION = YES;
				CLANG_WARN_CONSTANT_CONVERSION = YES;
				CLANG_WARN_DIRECT_OBJC_ISA_USAGE = YES_ERROR;
				CLANG_WARN_DOCUMENTATION_COMMENTS = YES;
				CLANG_WARN_EMPTY_BODY = YES;
				CLANG_WARN_ENUM_CONVERSION = YES;
				CLANG_WARN_INFINITE_RECURSION = YES;
				CLANG_WARN_INT_CONVERSION = YES;
				CLANG_WARN_OBJC_ROOT_CLASS = YES_ERROR;
				CLANG_WARN_SUSPICIOUS_MOVE = YES;
				CLANG_WARN_UNREACHABLE_CODE = YES;
				CLANG_WARN__DUPLICATE_METHOD_MATCH = YES;
				"CODE_SIGN_IDENTITY[sdk=iphoneos*]" = "iPhone Developer";
				COPY_PHASE_STRIP = NO;
				DEBUG_INFORMATION_FORMAT = "dwarf-with-dsym";
				ENABLE_NS_ASSERTIONS = NO;
				ENABLE_STRICT_OBJC_MSGSEND = YES;
				GCC_C_LANGUAGE_STANDARD = gnu99;
				GCC_NO_COMMON_BLOCKS = YES;
				GCC_WARN_64_TO_32_BIT_CONVERSION = YES;
				GCC_WARN_ABOUT_RETURN_TYPE = YES_ERROR;
				GCC_WARN_UNDECLARED_SELECTOR = YES;
				GCC_WARN_UNINITIALIZED_AUTOS = YES_AGGRESSIVE;
				GCC_WARN_UNUSED_FUNCTION = YES;
				GCC_WARN_UNUSED_VARIABLE = YES;
				IPHONEOS_DEPLOYMENT_TARGET = 10.2;
				MTL_ENABLE_DEBUG_INFO = NO;
				SDKROOT = iphoneos;
				TARGETED_DEVICE_FAMILY = "1,2";
				VALIDATE_PRODUCT = YES;
			};
			name = Release;
		};
		50CE21951EAF84F300601DE8 /* Debug */ = {
			isa = XCBuildConfiguration;
			baseConfigurationReference = BB026A4C3494D10B9B0F8805 /* Pods-podExProject.debug.xcconfig */;
			buildSettings = {
				ASSETCATALOG_COMPILER_APPICON_NAME = AppIcon;
				DEVELOPMENT_TEAM = 96H3SPJ53F;
				INFOPLIST_FILE = podExProject/Info.plist;
				LD_RUNPATH_SEARCH_PATHS = "$(inherited) @executable_path/Frameworks";
				PRODUCT_BUNDLE_IDENTIFIER = swordstream.podExProject;
				PRODUCT_NAME = "$(TARGET_NAME)";
			};
			name = Debug;
		};
		50CE21961EAF84F300601DE8 /* Release */ = {
			isa = XCBuildConfiguration;
			baseConfigurationReference = 667C01F61C15CC7E1B5ECDEA /* Pods-podExProject.release.xcconfig */;
			buildSettings = {
				ASSETCATALOG_COMPILER_APPICON_NAME = AppIcon;
				DEVELOPMENT_TEAM = 96H3SPJ53F;
				INFOPLIST_FILE = podExProject/Info.plist;
				LD_RUNPATH_SEARCH_PATHS = "$(inherited) @executable_path/Frameworks";
				PRODUCT_BUNDLE_IDENTIFIER = swordstream.podExProject;
				PRODUCT_NAME = "$(TARGET_NAME)";
			};
			name = Release;
		};
/* End XCBuildConfiguration section */

/* Begin XCConfigurationList section */
		50CE21781EAF84F300601DE8 /* Build configuration list for PBXProject "podExProject" */ = {
			isa = XCConfigurationList;
			buildConfigurations = (
				50CE21921EAF84F300601DE8 /* Debug */,
				50CE21931EAF84F300601DE8 /* Release */,
			);
			defaultConfigurationIsVisible = 0;
			defaultConfigurationName = Release;
		};
		50CE21941EAF84F300601DE8 /* Build configuration list for PBXNativeTarget "podExProject" */ = {
			isa = XCConfigurationList;
			buildConfigurations = (
				50CE21951EAF84F300601DE8 /* Debug */,
				50CE21961EAF84F300601DE8 /* Release */,
			);
			defaultConfigurationIsVisible = 0;
		};
/* End XCConfigurationList section */
	};
	rootObject = 50CE21751EAF84F300601DE8 /* Project object */;
}
