// !$*UTF8*$!
{
	archiveVersion = 1;
	classes = {
	};
	objectVersion = 46;
	objects = {

/* Begin PBXBuildFile section */
		5011AE7B1EB9EFC100EC6A22 /* RCTMaterialComponentsWrapper.m in Sources */ = {isa = PBXBuildFile; fileRef = 5011AE7A1EB9EFC100EC6A22 /* RCTMaterialComponentsWrapper.m */; };
		5011AE7C1EB9EFC100EC6A22 /* RCTMaterialComponentsWrapper.h in CopyFiles */ = {isa = PBXBuildFile; fileRef = 5011AE791EB9EFC100EC6A22 /* RCTMaterialComponentsWrapper.h */; };
		509EA6EF1EC0A7E2005A1AA3 /* RCTMDCButtonManager.m in Sources */ = {isa = PBXBuildFile; fileRef = 509EA6E01EC0A7E2005A1AA3 /* RCTMDCButtonManager.m */; };
		509EA6F01EC0A7E2005A1AA3 /* RCTMDCButtonView.m in Sources */ = {isa = PBXBuildFile; fileRef = 509EA6E21EC0A7E2005A1AA3 /* RCTMDCButtonView.m */; };
		509EA6F11EC0A7E2005A1AA3 /* RCTMDCFlatButtonManager.m in Sources */ = {isa = PBXBuildFile; fileRef = 509EA6E41EC0A7E2005A1AA3 /* RCTMDCFlatButtonManager.m */; };
		509EA6F21EC0A7E2005A1AA3 /* RCTMDCFlatButtonView.m in Sources */ = {isa = PBXBuildFile; fileRef = 509EA6E61EC0A7E2005A1AA3 /* RCTMDCFlatButtonView.m */; };
		509EA6F31EC0A7E2005A1AA3 /* RCTMDCFloatingButtonManager.m in Sources */ = {isa = PBXBuildFile; fileRef = 509EA6E81EC0A7E2005A1AA3 /* RCTMDCFloatingButtonManager.m */; };
		509EA6F41EC0A7E2005A1AA3 /* RCTMDCFloatingButtonView.m in Sources */ = {isa = PBXBuildFile; fileRef = 509EA6EA1EC0A7E2005A1AA3 /* RCTMDCFloatingButtonView.m */; };
		509EA6F51EC0A7E2005A1AA3 /* RCTMDCRaisedButtonManager.m in Sources */ = {isa = PBXBuildFile; fileRef = 509EA6EC1EC0A7E2005A1AA3 /* RCTMDCRaisedButtonManager.m */; };
		509EA6F61EC0A7E2005A1AA3 /* RCTMDCRaisedButtonView.m in Sources */ = {isa = PBXBuildFile; fileRef = 509EA6EE1EC0A7E2005A1AA3 /* RCTMDCRaisedButtonView.m */; };
		509EA72D1EC5EEFA005A1AA3 /* RCTMDCActivityIndicatorManager.m in Sources */ = {isa = PBXBuildFile; fileRef = 509EA72A1EC5EEFA005A1AA3 /* RCTMDCActivityIndicatorManager.m */; };
		509EA72E1EC5EEFA005A1AA3 /* RCTMDCActivityIndicatorView.m in Sources */ = {isa = PBXBuildFile; fileRef = 509EA72C1EC5EEFA005A1AA3 /* RCTMDCActivityIndicatorView.m */; };
		509EA74E1ECB3493005A1AA3 /* RCTMDCProgressView.m in Sources */ = {isa = PBXBuildFile; fileRef = 509EA74B1ECB3493005A1AA3 /* RCTMDCProgressView.m */; };
		509EA74F1ECB3493005A1AA3 /* RCTMDCProgressViewManager.m in Sources */ = {isa = PBXBuildFile; fileRef = 509EA74D1ECB3493005A1AA3 /* RCTMDCProgressViewManager.m */; };
		509EA7551ECB34BB005A1AA3 /* RCTMDCSliderView.m in Sources */ = {isa = PBXBuildFile; fileRef = 509EA7521ECB34BB005A1AA3 /* RCTMDCSliderView.m */; };
		509EA7561ECB34BB005A1AA3 /* RCTMDCSliderViewManager.m in Sources */ = {isa = PBXBuildFile; fileRef = 509EA7541ECB34BB005A1AA3 /* RCTMDCSliderViewManager.m */; };
		509EA7601ECB350C005A1AA3 /* RCTMDCButtonBar.m in Sources */ = {isa = PBXBuildFile; fileRef = 509EA7591ECB350C005A1AA3 /* RCTMDCButtonBar.m */; };
		509EA7611ECB350C005A1AA3 /* RCTMDCButtonBarManager.m in Sources */ = {isa = PBXBuildFile; fileRef = 509EA75B1ECB350C005A1AA3 /* RCTMDCButtonBarManager.m */; };
		509EA7621ECB350C005A1AA3 /* RCTMDCButtonItem.m in Sources */ = {isa = PBXBuildFile; fileRef = 509EA75D1ECB350C005A1AA3 /* RCTMDCButtonItem.m */; };
		509EA7631ECB350C005A1AA3 /* RCTMDCButtonItemManager.m in Sources */ = {isa = PBXBuildFile; fileRef = 509EA75F1ECB350C005A1AA3 /* RCTMDCButtonItemManager.m */; };
/* End PBXBuildFile section */

/* Begin PBXCopyFilesBuildPhase section */
		5011AE741EB9EFC100EC6A22 /* CopyFiles */ = {
			isa = PBXCopyFilesBuildPhase;
			buildActionMask = 2147483647;
			dstPath = "include/$(PRODUCT_NAME)";
			dstSubfolderSpec = 16;
			files = (
				5011AE7C1EB9EFC100EC6A22 /* RCTMaterialComponentsWrapper.h in CopyFiles */,
			);
			runOnlyForDeploymentPostprocessing = 0;
		};
/* End PBXCopyFilesBuildPhase section */

/* Begin PBXFileReference section */
		5011AE761EB9EFC100EC6A22 /* libRCTMaterialComponentsWrapper.a */ = {isa = PBXFileReference; explicitFileType = archive.ar; includeInIndex = 0; path = libRCTMaterialComponentsWrapper.a; sourceTree = BUILT_PRODUCTS_DIR; };
		5011AE791EB9EFC100EC6A22 /* RCTMaterialComponentsWrapper.h */ = {isa = PBXFileReference; lastKnownFileType = sourcecode.c.h; path = RCTMaterialComponentsWrapper.h; sourceTree = "<group>"; };
		5011AE7A1EB9EFC100EC6A22 /* RCTMaterialComponentsWrapper.m */ = {isa = PBXFileReference; lastKnownFileType = sourcecode.c.objc; path = RCTMaterialComponentsWrapper.m; sourceTree = "<group>"; };
		509EA6DF1EC0A7E2005A1AA3 /* RCTMDCButtonManager.h */ = {isa = PBXFileReference; fileEncoding = 4; lastKnownFileType = sourcecode.c.h; path = RCTMDCButtonManager.h; sourceTree = "<group>"; };
		509EA6E01EC0A7E2005A1AA3 /* RCTMDCButtonManager.m */ = {isa = PBXFileReference; fileEncoding = 4; lastKnownFileType = sourcecode.c.objc; path = RCTMDCButtonManager.m; sourceTree = "<group>"; };
		509EA6E11EC0A7E2005A1AA3 /* RCTMDCButtonView.h */ = {isa = PBXFileReference; fileEncoding = 4; lastKnownFileType = sourcecode.c.h; path = RCTMDCButtonView.h; sourceTree = "<group>"; };
		509EA6E21EC0A7E2005A1AA3 /* RCTMDCButtonView.m */ = {isa = PBXFileReference; fileEncoding = 4; lastKnownFileType = sourcecode.c.objc; path = RCTMDCButtonView.m; sourceTree = "<group>"; };
		509EA6E31EC0A7E2005A1AA3 /* RCTMDCFlatButtonManager.h */ = {isa = PBXFileReference; fileEncoding = 4; lastKnownFileType = sourcecode.c.h; path = RCTMDCFlatButtonManager.h; sourceTree = "<group>"; };
		509EA6E41EC0A7E2005A1AA3 /* RCTMDCFlatButtonManager.m */ = {isa = PBXFileReference; fileEncoding = 4; lastKnownFileType = sourcecode.c.objc; path = RCTMDCFlatButtonManager.m; sourceTree = "<group>"; };
		509EA6E51EC0A7E2005A1AA3 /* RCTMDCFlatButtonView.h */ = {isa = PBXFileReference; fileEncoding = 4; lastKnownFileType = sourcecode.c.h; path = RCTMDCFlatButtonView.h; sourceTree = "<group>"; };
		509EA6E61EC0A7E2005A1AA3 /* RCTMDCFlatButtonView.m */ = {isa = PBXFileReference; fileEncoding = 4; lastKnownFileType = sourcecode.c.objc; path = RCTMDCFlatButtonView.m; sourceTree = "<group>"; };
		509EA6E71EC0A7E2005A1AA3 /* RCTMDCFloatingButtonManager.h */ = {isa = PBXFileReference; fileEncoding = 4; lastKnownFileType = sourcecode.c.h; path = RCTMDCFloatingButtonManager.h; sourceTree = "<group>"; };
		509EA6E81EC0A7E2005A1AA3 /* RCTMDCFloatingButtonManager.m */ = {isa = PBXFileReference; fileEncoding = 4; lastKnownFileType = sourcecode.c.objc; path = RCTMDCFloatingButtonManager.m; sourceTree = "<group>"; };
		509EA6E91EC0A7E2005A1AA3 /* RCTMDCFloatingButtonView.h */ = {isa = PBXFileReference; fileEncoding = 4; lastKnownFileType = sourcecode.c.h; path = RCTMDCFloatingButtonView.h; sourceTree = "<group>"; };
		509EA6EA1EC0A7E2005A1AA3 /* RCTMDCFloatingButtonView.m */ = {isa = PBXFileReference; fileEncoding = 4; lastKnownFileType = sourcecode.c.objc; path = RCTMDCFloatingButtonView.m; sourceTree = "<group>"; };
		509EA6EB1EC0A7E2005A1AA3 /* RCTMDCRaisedButtonManager.h */ = {isa = PBXFileReference; fileEncoding = 4; lastKnownFileType = sourcecode.c.h; path = RCTMDCRaisedButtonManager.h; sourceTree = "<group>"; };
		509EA6EC1EC0A7E2005A1AA3 /* RCTMDCRaisedButtonManager.m */ = {isa = PBXFileReference; fileEncoding = 4; lastKnownFileType = sourcecode.c.objc; path = RCTMDCRaisedButtonManager.m; sourceTree = "<group>"; };
		509EA6ED1EC0A7E2005A1AA3 /* RCTMDCRaisedButtonView.h */ = {isa = PBXFileReference; fileEncoding = 4; lastKnownFileType = sourcecode.c.h; path = RCTMDCRaisedButtonView.h; sourceTree = "<group>"; };
		509EA6EE1EC0A7E2005A1AA3 /* RCTMDCRaisedButtonView.m */ = {isa = PBXFileReference; fileEncoding = 4; lastKnownFileType = sourcecode.c.objc; path = RCTMDCRaisedButtonView.m; sourceTree = "<group>"; };
		509EA7291EC5EEFA005A1AA3 /* RCTMDCActivityIndicatorManager.h */ = {isa = PBXFileReference; fileEncoding = 4; lastKnownFileType = sourcecode.c.h; path = RCTMDCActivityIndicatorManager.h; sourceTree = "<group>"; };
		509EA72A1EC5EEFA005A1AA3 /* RCTMDCActivityIndicatorManager.m */ = {isa = PBXFileReference; fileEncoding = 4; lastKnownFileType = sourcecode.c.objc; path = RCTMDCActivityIndicatorManager.m; sourceTree = "<group>"; };
		509EA72B1EC5EEFA005A1AA3 /* RCTMDCActivityIndicatorView.h */ = {isa = PBXFileReference; fileEncoding = 4; lastKnownFileType = sourcecode.c.h; path = RCTMDCActivityIndicatorView.h; sourceTree = "<group>"; };
		509EA72C1EC5EEFA005A1AA3 /* RCTMDCActivityIndicatorView.m */ = {isa = PBXFileReference; fileEncoding = 4; lastKnownFileType = sourcecode.c.objc; path = RCTMDCActivityIndicatorView.m; sourceTree = "<group>"; };
		509EA74A1ECB3493005A1AA3 /* RCTMDCProgressView.h */ = {isa = PBXFileReference; fileEncoding = 4; lastKnownFileType = sourcecode.c.h; path = RCTMDCProgressView.h; sourceTree = "<group>"; };
		509EA74B1ECB3493005A1AA3 /* RCTMDCProgressView.m */ = {isa = PBXFileReference; fileEncoding = 4; lastKnownFileType = sourcecode.c.objc; path = RCTMDCProgressView.m; sourceTree = "<group>"; };
		509EA74C1ECB3493005A1AA3 /* RCTMDCProgressViewManager.h */ = {isa = PBXFileReference; fileEncoding = 4; lastKnownFileType = sourcecode.c.h; path = RCTMDCProgressViewManager.h; sourceTree = "<group>"; };
		509EA74D1ECB3493005A1AA3 /* RCTMDCProgressViewManager.m */ = {isa = PBXFileReference; fileEncoding = 4; lastKnownFileType = sourcecode.c.objc; path = RCTMDCProgressViewManager.m; sourceTree = "<group>"; };
		509EA7511ECB34BB005A1AA3 /* RCTMDCSliderView.h */ = {isa = PBXFileReference; fileEncoding = 4; lastKnownFileType = sourcecode.c.h; path = RCTMDCSliderView.h; sourceTree = "<group>"; };
		509EA7521ECB34BB005A1AA3 /* RCTMDCSliderView.m */ = {isa = PBXFileReference; fileEncoding = 4; lastKnownFileType = sourcecode.c.objc; path = RCTMDCSliderView.m; sourceTree = "<group>"; };
		509EA7531ECB34BB005A1AA3 /* RCTMDCSliderViewManager.h */ = {isa = PBXFileReference; fileEncoding = 4; lastKnownFileType = sourcecode.c.h; path = RCTMDCSliderViewManager.h; sourceTree = "<group>"; };
		509EA7541ECB34BB005A1AA3 /* RCTMDCSliderViewManager.m */ = {isa = PBXFileReference; fileEncoding = 4; lastKnownFileType = sourcecode.c.objc; path = RCTMDCSliderViewManager.m; sourceTree = "<group>"; };
		509EA7581ECB350C005A1AA3 /* RCTMDCButtonBar.h */ = {isa = PBXFileReference; fileEncoding = 4; lastKnownFileType = sourcecode.c.h; path = RCTMDCButtonBar.h; sourceTree = "<group>"; };
		509EA7591ECB350C005A1AA3 /* RCTMDCButtonBar.m */ = {isa = PBXFileReference; fileEncoding = 4; lastKnownFileType = sourcecode.c.objc; path = RCTMDCButtonBar.m; sourceTree = "<group>"; };
		509EA75A1ECB350C005A1AA3 /* RCTMDCButtonBarManager.h */ = {isa = PBXFileReference; fileEncoding = 4; lastKnownFileType = sourcecode.c.h; path = RCTMDCButtonBarManager.h; sourceTree = "<group>"; };
		509EA75B1ECB350C005A1AA3 /* RCTMDCButtonBarManager.m */ = {isa = PBXFileReference; fileEncoding = 4; lastKnownFileType = sourcecode.c.objc; path = RCTMDCButtonBarManager.m; sourceTree = "<group>"; };
		509EA75C1ECB350C005A1AA3 /* RCTMDCButtonItem.h */ = {isa = PBXFileReference; fileEncoding = 4; lastKnownFileType = sourcecode.c.h; path = RCTMDCButtonItem.h; sourceTree = "<group>"; };
		509EA75D1ECB350C005A1AA3 /* RCTMDCButtonItem.m */ = {isa = PBXFileReference; fileEncoding = 4; lastKnownFileType = sourcecode.c.objc; path = RCTMDCButtonItem.m; sourceTree = "<group>"; };
		509EA75E1ECB350C005A1AA3 /* RCTMDCButtonItemManager.h */ = {isa = PBXFileReference; fileEncoding = 4; lastKnownFileType = sourcecode.c.h; path = RCTMDCButtonItemManager.h; sourceTree = "<group>"; };
		509EA75F1ECB350C005A1AA3 /* RCTMDCButtonItemManager.m */ = {isa = PBXFileReference; fileEncoding = 4; lastKnownFileType = sourcecode.c.objc; path = RCTMDCButtonItemManager.m; sourceTree = "<group>"; };
/* End PBXFileReference section */

/* Begin PBXFrameworksBuildPhase section */
		5011AE731EB9EFC100EC6A22 /* Frameworks */ = {
			isa = PBXFrameworksBuildPhase;
			buildActionMask = 2147483647;
			files = (
			);
			runOnlyForDeploymentPostprocessing = 0;
		};
/* End PBXFrameworksBuildPhase section */

/* Begin PBXGroup section */
		5011AE6D1EB9EFC100EC6A22 = {
			isa = PBXGroup;
			children = (
				5011AE781EB9EFC100EC6A22 /* RCTMaterialComponentsWrapper */,
				5011AE771EB9EFC100EC6A22 /* Products */,
			);
			sourceTree = "<group>";
		};
		5011AE771EB9EFC100EC6A22 /* Products */ = {
			isa = PBXGroup;
			children = (
				5011AE761EB9EFC100EC6A22 /* libRCTMaterialComponentsWrapper.a */,
			);
			name = Products;
			sourceTree = "<group>";
		};
		5011AE781EB9EFC100EC6A22 /* RCTMaterialComponentsWrapper */ = {
			isa = PBXGroup;
			children = (
				509EA7501ECB349E005A1AA3 /* Slider */,
				509EA7491ECB347A005A1AA3 /* Progress */,
				509EA7281EC5EEE2005A1AA3 /* Indicators */,
				509EA6861EBCBA43005A1AA3 /* Buttons */,
				5011AE791EB9EFC100EC6A22 /* RCTMaterialComponentsWrapper.h */,
				5011AE7A1EB9EFC100EC6A22 /* RCTMaterialComponentsWrapper.m */,
			);
			path = RCTMaterialComponentsWrapper;
			sourceTree = "<group>";
		};
		509EA6861EBCBA43005A1AA3 /* Buttons */ = {
			isa = PBXGroup;
			children = (
				509EA7581ECB350C005A1AA3 /* RCTMDCButtonBar.h */,
				509EA7591ECB350C005A1AA3 /* RCTMDCButtonBar.m */,
				509EA75A1ECB350C005A1AA3 /* RCTMDCButtonBarManager.h */,
				509EA75B1ECB350C005A1AA3 /* RCTMDCButtonBarManager.m */,
				509EA75C1ECB350C005A1AA3 /* RCTMDCButtonItem.h */,
				509EA75D1ECB350C005A1AA3 /* RCTMDCButtonItem.m */,
				509EA75E1ECB350C005A1AA3 /* RCTMDCButtonItemManager.h */,
				509EA75F1ECB350C005A1AA3 /* RCTMDCButtonItemManager.m */,
				509EA6DF1EC0A7E2005A1AA3 /* RCTMDCButtonManager.h */,
				509EA6E01EC0A7E2005A1AA3 /* RCTMDCButtonManager.m */,
				509EA6E11EC0A7E2005A1AA3 /* RCTMDCButtonView.h */,
				509EA6E21EC0A7E2005A1AA3 /* RCTMDCButtonView.m */,
				509EA6E31EC0A7E2005A1AA3 /* RCTMDCFlatButtonManager.h */,
				509EA6E41EC0A7E2005A1AA3 /* RCTMDCFlatButtonManager.m */,
				509EA6E51EC0A7E2005A1AA3 /* RCTMDCFlatButtonView.h */,
				509EA6E61EC0A7E2005A1AA3 /* RCTMDCFlatButtonView.m */,
				509EA6E71EC0A7E2005A1AA3 /* RCTMDCFloatingButtonManager.h */,
				509EA6E81EC0A7E2005A1AA3 /* RCTMDCFloatingButtonManager.m */,
				509EA6E91EC0A7E2005A1AA3 /* RCTMDCFloatingButtonView.h */,
				509EA6EA1EC0A7E2005A1AA3 /* RCTMDCFloatingButtonView.m */,
				509EA6EB1EC0A7E2005A1AA3 /* RCTMDCRaisedButtonManager.h */,
				509EA6EC1EC0A7E2005A1AA3 /* RCTMDCRaisedButtonManager.m */,
				509EA6ED1EC0A7E2005A1AA3 /* RCTMDCRaisedButtonView.h */,
				509EA6EE1EC0A7E2005A1AA3 /* RCTMDCRaisedButtonView.m */,
			);
			name = Buttons;
			sourceTree = "<group>";
		};
		509EA7281EC5EEE2005A1AA3 /* Indicators */ = {
			isa = PBXGroup;
			children = (
				509EA7291EC5EEFA005A1AA3 /* RCTMDCActivityIndicatorManager.h */,
				509EA72A1EC5EEFA005A1AA3 /* RCTMDCActivityIndicatorManager.m */,
				509EA72B1EC5EEFA005A1AA3 /* RCTMDCActivityIndicatorView.h */,
				509EA72C1EC5EEFA005A1AA3 /* RCTMDCActivityIndicatorView.m */,
			);
			name = Indicators;
			sourceTree = "<group>";
		};
		509EA7491ECB347A005A1AA3 /* Progress */ = {
			isa = PBXGroup;
			children = (
				509EA74A1ECB3493005A1AA3 /* RCTMDCProgressView.h */,
				509EA74B1ECB3493005A1AA3 /* RCTMDCProgressView.m */,
				509EA74C1ECB3493005A1AA3 /* RCTMDCProgressViewManager.h */,
				509EA74D1ECB3493005A1AA3 /* RCTMDCProgressViewManager.m */,
			);
			name = Progress;
			sourceTree = "<group>";
		};
		509EA7501ECB349E005A1AA3 /* Slider */ = {
			isa = PBXGroup;
			children = (
				509EA7511ECB34BB005A1AA3 /* RCTMDCSliderView.h */,
				509EA7521ECB34BB005A1AA3 /* RCTMDCSliderView.m */,
				509EA7531ECB34BB005A1AA3 /* RCTMDCSliderViewManager.h */,
				509EA7541ECB34BB005A1AA3 /* RCTMDCSliderViewManager.m */,
			);
			name = Slider;
			sourceTree = "<group>";
		};
/* End PBXGroup section */

/* Begin PBXNativeTarget section */
		5011AE751EB9EFC100EC6A22 /* RCTMaterialComponentsWrapper */ = {
			isa = PBXNativeTarget;
			buildConfigurationList = 5011AE7F1EB9EFC100EC6A22 /* Build configuration list for PBXNativeTarget "RCTMaterialComponentsWrapper" */;
			buildPhases = (
				5011AE721EB9EFC100EC6A22 /* Sources */,
				5011AE731EB9EFC100EC6A22 /* Frameworks */,
				5011AE741EB9EFC100EC6A22 /* CopyFiles */,
			);
			buildRules = (
			);
			dependencies = (
			);
			name = RCTMaterialComponentsWrapper;
			productName = RCTMaterialComponentsWrapper;
			productReference = 5011AE761EB9EFC100EC6A22 /* libRCTMaterialComponentsWrapper.a */;
			productType = "com.apple.product-type.library.static";
		};
/* End PBXNativeTarget section */

/* Begin PBXProject section */
		5011AE6E1EB9EFC100EC6A22 /* Project object */ = {
			isa = PBXProject;
			attributes = {
				LastUpgradeCheck = 0820;
				ORGANIZATIONNAME = swordstream;
				TargetAttributes = {
					5011AE751EB9EFC100EC6A22 = {
						CreatedOnToolsVersion = 8.2.1;
						DevelopmentTeam = 96H3SPJ53F;
						ProvisioningStyle = Automatic;
					};
				};
			};
			buildConfigurationList = 5011AE711EB9EFC100EC6A22 /* Build configuration list for PBXProject "RCTMaterialComponentsWrapper" */;
			compatibilityVersion = "Xcode 3.2";
			developmentRegion = English;
			hasScannedForEncodings = 0;
			knownRegions = (
				en,
			);
			mainGroup = 5011AE6D1EB9EFC100EC6A22;
			productRefGroup = 5011AE771EB9EFC100EC6A22 /* Products */;
			projectDirPath = "";
			projectRoot = "";
			targets = (
				5011AE751EB9EFC100EC6A22 /* RCTMaterialComponentsWrapper */,
			);
		};
/* End PBXProject section */

/* Begin PBXSourcesBuildPhase section */
		5011AE721EB9EFC100EC6A22 /* Sources */ = {
			isa = PBXSourcesBuildPhase;
			buildActionMask = 2147483647;
			files = (
				509EA72D1EC5EEFA005A1AA3 /* RCTMDCActivityIndicatorManager.m in Sources */,
				509EA7621ECB350C005A1AA3 /* RCTMDCButtonItem.m in Sources */,
				509EA74F1ECB3493005A1AA3 /* RCTMDCProgressViewManager.m in Sources */,
				509EA6F01EC0A7E2005A1AA3 /* RCTMDCButtonView.m in Sources */,
				509EA72E1EC5EEFA005A1AA3 /* RCTMDCActivityIndicatorView.m in Sources */,
				509EA7551ECB34BB005A1AA3 /* RCTMDCSliderView.m in Sources */,
				509EA6F61EC0A7E2005A1AA3 /* RCTMDCRaisedButtonView.m in Sources */,
				509EA74E1ECB3493005A1AA3 /* RCTMDCProgressView.m in Sources */,
				509EA7631ECB350C005A1AA3 /* RCTMDCButtonItemManager.m in Sources */,
				509EA6F21EC0A7E2005A1AA3 /* RCTMDCFlatButtonView.m in Sources */,
				509EA6F51EC0A7E2005A1AA3 /* RCTMDCRaisedButtonManager.m in Sources */,
				509EA6EF1EC0A7E2005A1AA3 /* RCTMDCButtonManager.m in Sources */,
				509EA7601ECB350C005A1AA3 /* RCTMDCButtonBar.m in Sources */,
				5011AE7B1EB9EFC100EC6A22 /* RCTMaterialComponentsWrapper.m in Sources */,
				509EA6F31EC0A7E2005A1AA3 /* RCTMDCFloatingButtonManager.m in Sources */,
				509EA7611ECB350C005A1AA3 /* RCTMDCButtonBarManager.m in Sources */,
				509EA6F41EC0A7E2005A1AA3 /* RCTMDCFloatingButtonView.m in Sources */,
				509EA6F11EC0A7E2005A1AA3 /* RCTMDCFlatButtonManager.m in Sources */,
				509EA7561ECB34BB005A1AA3 /* RCTMDCSliderViewManager.m in Sources */,
			);
			runOnlyForDeploymentPostprocessing = 0;
		};
/* End PBXSourcesBuildPhase section */

/* Begin XCBuildConfiguration section */
		5011AE7D1EB9EFC100EC6A22 /* Debug */ = {
			isa = XCBuildConfiguration;
			buildSettings = {
				ALWAYS_SEARCH_USER_PATHS = NO;
				CLANG_ANALYZER_NONNULL = YES;
				CLANG_CXX_LANGUAGE_STANDARD = "gnu++0x";
				CLANG_CXX_LIBRARY = "libc++";
				CLANG_ENABLE_MODULES = YES;
				CLANG_ENABLE_OBJC_ARC = YES;
				CLANG_WARN_BOOL_CONVERSION = YES;
				CLANG_WARN_CONSTANT_CONVERSION = YES;
				CLANG_WARN_DIRECT_OBJC_ISA_USAGE = YES_ERROR;
				CLANG_WARN_DOCUMENTATION_COMMENTS = YES;
				CLANG_WARN_EMPTY_BODY = YES;
				CLANG_WARN_ENUM_CONVERSION = YES;
				CLANG_WARN_INFINITE_RECURSION = YES;
				CLANG_WARN_INT_CONVERSION = YES;
				CLANG_WARN_OBJC_ROOT_CLASS = YES_ERROR;
				CLANG_WARN_SUSPICIOUS_MOVE = YES;
				CLANG_WARN_UNREACHABLE_CODE = YES;
				CLANG_WARN__DUPLICATE_METHOD_MATCH = YES;
				"CODE_SIGN_IDENTITY[sdk=iphoneos*]" = "iPhone Developer";
				COPY_PHASE_STRIP = NO;
				DEBUG_INFORMATION_FORMAT = dwarf;
				ENABLE_STRICT_OBJC_MSGSEND = YES;
				ENABLE_TESTABILITY = YES;
				GCC_C_LANGUAGE_STANDARD = gnu99;
				GCC_DYNAMIC_NO_PIC = NO;
				GCC_NO_COMMON_BLOCKS = YES;
				GCC_OPTIMIZATION_LEVEL = 0;
				GCC_PREPROCESSOR_DEFINITIONS = (
					"DEBUG=1",
					"$(inherited)",
				);
				GCC_WARN_64_TO_32_BIT_CONVERSION = YES;
				GCC_WARN_ABOUT_RETURN_TYPE = YES_ERROR;
				GCC_WARN_UNDECLARED_SELECTOR = YES;
				GCC_WARN_UNINITIALIZED_AUTOS = YES_AGGRESSIVE;
				GCC_WARN_UNUSED_FUNCTION = YES;
				GCC_WARN_UNUSED_VARIABLE = YES;
				IPHONEOS_DEPLOYMENT_TARGET = 10.2;
				MTL_ENABLE_DEBUG_INFO = YES;
				ONLY_ACTIVE_ARCH = YES;
				SDKROOT = iphoneos;
			};
			name = Debug;
		};
		5011AE7E1EB9EFC100EC6A22 /* Release */ = {
			isa = XCBuildConfiguration;
			buildSettings = {
				ALWAYS_SEARCH_USER_PATHS = NO;
				CLANG_ANALYZER_NONNULL = YES;
				CLANG_CXX_LANGUAGE_STANDARD = "gnu++0x";
				CLANG_CXX_LIBRARY = "libc++";
				CLANG_ENABLE_MODULES = YES;
				CLANG_ENABLE_OBJC_ARC = YES;
				CLANG_WARN_BOOL_CONVERSION = YES;
				CLANG_WARN_CONSTANT_CONVERSION = YES;
				CLANG_WARN_DIRECT_OBJC_ISA_USAGE = YES_ERROR;
				CLANG_WARN_DOCUMENTATION_COMMENTS = YES;
				CLANG_WARN_EMPTY_BODY = YES;
				CLANG_WARN_ENUM_CONVERSION = YES;
				CLANG_WARN_INFINITE_RECURSION = YES;
				CLANG_WARN_INT_CONVERSION = YES;
				CLANG_WARN_OBJC_ROOT_CLASS = YES_ERROR;
				CLANG_WARN_SUSPICIOUS_MOVE = YES;
				CLANG_WARN_UNREACHABLE_CODE = YES;
				CLANG_WARN__DUPLICATE_METHOD_MATCH = YES;
				"CODE_SIGN_IDENTITY[sdk=iphoneos*]" = "iPhone Developer";
				COPY_PHASE_STRIP = NO;
				DEBUG_INFORMATION_FORMAT = "dwarf-with-dsym";
				ENABLE_NS_ASSERTIONS = NO;
				ENABLE_STRICT_OBJC_MSGSEND = YES;
				GCC_C_LANGUAGE_STANDARD = gnu99;
				GCC_NO_COMMON_BLOCKS = YES;
				GCC_WARN_64_TO_32_BIT_CONVERSION = YES;
				GCC_WARN_ABOUT_RETURN_TYPE = YES_ERROR;
				GCC_WARN_UNDECLARED_SELECTOR = YES;
				GCC_WARN_UNINITIALIZED_AUTOS = YES_AGGRESSIVE;
				GCC_WARN_UNUSED_FUNCTION = YES;
				GCC_WARN_UNUSED_VARIABLE = YES;
				IPHONEOS_DEPLOYMENT_TARGET = 10.2;
				MTL_ENABLE_DEBUG_INFO = NO;
				SDKROOT = iphoneos;
				VALIDATE_PRODUCT = YES;
			};
			name = Release;
		};
		5011AE801EB9EFC100EC6A22 /* Debug */ = {
			isa = XCBuildConfiguration;
			buildSettings = {
				DEVELOPMENT_TEAM = 96H3SPJ53F;
				OTHER_LDFLAGS = "-ObjC";
				PRODUCT_NAME = "$(TARGET_NAME)";
				SKIP_INSTALL = YES;
				USER_HEADER_SEARCH_PATHS = "$(CONFIGURATION_BUILD_DIR)/**";
			};
			name = Debug;
		};
		5011AE811EB9EFC100EC6A22 /* Release */ = {
			isa = XCBuildConfiguration;
			buildSettings = {
				DEVELOPMENT_TEAM = 96H3SPJ53F;
				OTHER_LDFLAGS = "-ObjC";
				PRODUCT_NAME = "$(TARGET_NAME)";
				SKIP_INSTALL = YES;
				USER_HEADER_SEARCH_PATHS = "$(CONFIGURATION_BUILD_DIR)/**";
			};
			name = Release;
		};
/* End XCBuildConfiguration section */

/* Begin XCConfigurationList section */
		5011AE711EB9EFC100EC6A22 /* Build configuration list for PBXProject "RCTMaterialComponentsWrapper" */ = {
			isa = XCConfigurationList;
			buildConfigurations = (
				5011AE7D1EB9EFC100EC6A22 /* Debug */,
				5011AE7E1EB9EFC100EC6A22 /* Release */,
			);
			defaultConfigurationIsVisible = 0;
			defaultConfigurationName = Release;
		};
		5011AE7F1EB9EFC100EC6A22 /* Build configuration list for PBXNativeTarget "RCTMaterialComponentsWrapper" */ = {
			isa = XCConfigurationList;
			buildConfigurations = (
				5011AE801EB9EFC100EC6A22 /* Debug */,
				5011AE811EB9EFC100EC6A22 /* Release */,
			);
			defaultConfigurationIsVisible = 0;
			defaultConfigurationName = Release;
		};
/* End XCConfigurationList section */
	};
	rootObject = 5011AE6E1EB9EFC100EC6A22 /* Project object */;
}
